
Microsoft Visual Studio Solution File, Format Version 12.00
# Visual Studio Version 16
VisualStudioVersion = 16.0.28803.352
MinimumVisualStudioVersion = 10.0.40219.1
Project("{FAE04EC0-301F-11D3-BF4B-00C04F79EFBC}") = "ConsoleApp3", "ConsoleApp3.csproj", "{E681E5E1-546F-487F-915B-C1EE1DFD6767}"
EndProject
Global
	GlobalSection(SolutionConfigurationPlatforms) = preSolution
		Debug|Any CPU = Debug|Any CPU
		Release|Any CPU = Release|Any CPU
	EndGlobalSection
	GlobalSection(ProjectConfigurationPlatforms) = postSolution
		{E681E5E1-546F-487F-915B-C1EE1DFD6767}.Debug|Any CPU.ActiveCfg = Debug|Any CPU
		{E681E5E1-546F-487F-915B-C1EE1DFD6767}.Debug|Any CPU.Build.0 = Debug|Any CPU
		{E681E5E1-546F-487F-915B-C1EE1DFD6767}.Release|Any CPU.ActiveCfg = Release|Any CPU
		{E681E5E1-546F-487F-915B-C1EE1DFD6767}.Release|Any CPU.Build.0 = Release|Any CPU
	EndGlobalSection
	GlobalSection(SolutionProperties) = preSolution
		HideSolutionNode = FALSE
	EndGlobalSection
	GlobalSection(ExtensibilityGlobals) = postSolution
		SolutionGuid = {816813AC-F032-4B1F-A041-8BDEEF0C37F3}
	EndGlobalSection
EndGlobal
